Microsoft Visual Studio Solution File, Format Version 8.00
Project("{8BC9CEB8-8B4A-11D0-8D11-00A0C91BC942}") = "Gnucleus", "Gnucleus.vcproj", "{800EA0DA-7F8D-4881-9011-FC1F7EC80479}"
	ProjectSection(ProjectDependencies) = postProject
		{2706A278-67B9-47F2-AA82-1361B0278844} = {2706A278-67B9-47F2-AA82-1361B0278844}
		{B41712E7-6E7A-4707-9D65-DAB07A52F26C} = {B41712E7-6E7A-4707-9D65-DAB07A52F26C}
	EndProjectSection
EndProject
Project("{8BC9CEB8-8B4A-11D0-8D11-00A0C91BC942}") = "GnucCOM", "..\GnucCOM\GnucCOM.vcproj", "{2706A278-67B9-47F2-AA82-1361B0278844}"
	ProjectSection(ProjectDependencies) = postProject
		{B41712E7-6E7A-4707-9D65-DAB07A52F26C} = {B41712E7-6E7A-4707-9D65-DAB07A52F26C}
	EndProjectSection
EndProject
Project("{8BC9CEB8-8B4A-11D0-8D11-00A0C91BC942}") = "GnucDNA", "..\GnucDNAR3\GnucDNA.vcproj", "{B41712E7-6E7A-4707-9D65-DAB07A52F26C}"
	ProjectSection(ProjectDependencies) = postProject
	EndProjectSection
EndProject
Global
	GlobalSection(SolutionConfiguration) = preSolution
		Debug = Debug
		Release = Release
	EndGlobalSection
	GlobalSection(ProjectConfiguration) = postSolution
		{800EA0DA-7F8D-4881-9011-FC1F7EC80479}.Debug.ActiveCfg = Debug|Win32
		{800EA0DA-7F8D-4881-9011-FC1F7EC80479}.Debug.Build.0 = Debug|Win32
		{800EA0DA-7F8D-4881-9011-FC1F7EC80479}.Release.ActiveCfg = Release|Win32
		{800EA0DA-7F8D-4881-9011-FC1F7EC80479}.Release.Build.0 = Release|Win32
		{2706A278-67B9-47F2-AA82-1361B0278844}.Debug.ActiveCfg = Debug|Win32
		{2706A278-67B9-47F2-AA82-1361B0278844}.Debug.Build.0 = Debug|Win32
		{2706A278-67B9-47F2-AA82-1361B0278844}.Release.ActiveCfg = Release|Win32
		{2706A278-67B9-47F2-AA82-1361B0278844}.Release.Build.0 = Release|Win32
		{B41712E7-6E7A-4707-9D65-DAB07A52F26C}.Debug.ActiveCfg = Debug|Win32
		{B41712E7-6E7A-4707-9D65-DAB07A52F26C}.Debug.Build.0 = Debug|Win32
		{B41712E7-6E7A-4707-9D65-DAB07A52F26C}.Release.ActiveCfg = Release|Win32
		{B41712E7-6E7A-4707-9D65-DAB07A52F26C}.Release.Build.0 = Release|Win32
	EndGlobalSection
	GlobalSection(ExtensibilityGlobals) = postSolution
		DPBuild = 5
	EndGlobalSection
	GlobalSection(ExtensibilityAddIns) = postSolution
	EndGlobalSection
EndGlobal
